// !$*UTF8*$!
{
	archiveVersion = 1;
	classes = {
	};
	objectVersion = 50;
	objects = {

/* Begin PBXBuildFile section */
		A7544A5A26ED0FF300C9FA15 /* AppDelegate.swift in Sources */ = {isa = PBXBuildFile; fileRef = A7544A5926ED0FF300C9FA15 /* AppDelegate.swift */; };
		A7544A5E26ED0FF300C9FA15 /* SearchViewController.swift in Sources */ = {isa = PBXBuildFile; fileRef = A7544A5D26ED0FF300C9FA15 /* SearchViewController.swift */; };
		A7544A6326ED0FF500C9FA15 /* Assets.xcassets in Resources */ = {isa = PBXBuildFile; fileRef = A7544A6226ED0FF500C9FA15 /* Assets.xcassets */; };
		A7544A6626ED0FF500C9FA15 /* LaunchScreen.storyboard in Resources */ = {isa = PBXBuildFile; fileRef = A7544A6426ED0FF500C9FA15 /* LaunchScreen.storyboard */; };
		A7544A8A26ED126300C9FA15 /* BookItem.swift in Sources */ = {isa = PBXBuildFile; fileRef = A7544A8926ED126300C9FA15 /* BookItem.swift */; };
		A7544A8D26ED157100C9FA15 /* BookLoader.swift in Sources */ = {isa = PBXBuildFile; fileRef = A7544A8C26ED157100C9FA15 /* BookLoader.swift */; };
		A7544A8F26ED16E600C9FA15 /* RemoteBookLoaderTests.swift in Sources */ = {isa = PBXBuildFile; fileRef = A7544A8E26ED16E600C9FA15 /* RemoteBookLoaderTests.swift */; };
		A7544A9226ED1F0E00C9FA15 /* RemoteBookLoader.swift in Sources */ = {isa = PBXBuildFile; fileRef = A7544A9126ED1F0E00C9FA15 /* RemoteBookLoader.swift */; };
		A7544A9426ED1F6200C9FA15 /* HTTPClient.swift in Sources */ = {isa = PBXBuildFile; fileRef = A7544A9326ED1F6200C9FA15 /* HTTPClient.swift */; };
		A7544A9826EE52BC00C9FA15 /* LoadBooksUseCase.swift in Sources */ = {isa = PBXBuildFile; fileRef = A7544A9726EE52BC00C9FA15 /* LoadBooksUseCase.swift */; };
		A7544A9E26EE57EB00C9FA15 /* SearchViewModel.swift in Sources */ = {isa = PBXBuildFile; fileRef = A7544A9D26EE57EB00C9FA15 /* SearchViewModel.swift */; };
		A7544AA326EE631300C9FA15 /* BookViewCell.swift in Sources */ = {isa = PBXBuildFile; fileRef = A7544AA226EE631300C9FA15 /* BookViewCell.swift */; };
/* End PBXBuildFile section */

/* Begin PBXContainerItemProxy section */
		A7544A6D26ED0FF500C9FA15 /* PBXContainerItemProxy */ = {
			isa = PBXContainerItemProxy;
			containerPortal = A7544A4E26ED0FF300C9FA15 /* Project object */;
			proxyType = 1;
			remoteGlobalIDString = A7544A5526ED0FF300C9FA15;
			remoteInfo = "Book Searcher";
		};
/* End PBXContainerItemProxy section */

/* Begin PBXFileReference section */
		A7544A5626ED0FF300C9FA15 /* Book Searcher.app */ = {isa = PBXFileReference; explicitFileType = wrapper.application; includeInIndex = 0; path = "Book Searcher.app"; sourceTree = BUILT_PRODUCTS_DIR; };
		A7544A5926ED0FF300C9FA15 /* AppDelegate.swift */ = {isa = PBXFileReference; lastKnownFileType = sourcecode.swift; path = AppDelegate.swift; sourceTree = "<group>"; };
		A7544A5D26ED0FF300C9FA15 /* SearchViewController.swift */ = {isa = PBXFileReference; lastKnownFileType = sourcecode.swift; path = SearchViewController.swift; sourceTree = "<group>"; };
		A7544A6226ED0FF500C9FA15 /* Assets.xcassets */ = {isa = PBXFileReference; lastKnownFileType = folder.assetcatalog; path = Assets.xcassets; sourceTree = "<group>"; };
		A7544A6526ED0FF500C9FA15 /* Base */ = {isa = PBXFileReference; lastKnownFileType = file.storyboard; name = Base; path = Base.lproj/LaunchScreen.storyboard; sourceTree = "<group>"; };
		A7544A6726ED0FF500C9FA15 /* Info.plist */ = {isa = PBXFileReference; lastKnownFileType = text.plist.xml; path = Info.plist; sourceTree = "<group>"; };
		A7544A6C26ED0FF500C9FA15 /* Book SearcherTests.xctest */ = {isa = PBXFileReference; explicitFileType = wrapper.cfbundle; includeInIndex = 0; path = "Book SearcherTests.xctest"; sourceTree = BUILT_PRODUCTS_DIR; };
		A7544A7226ED0FF500C9FA15 /* Info.plist */ = {isa = PBXFileReference; lastKnownFileType = text.plist.xml; path = Info.plist; sourceTree = "<group>"; };
		A7544A8926ED126300C9FA15 /* BookItem.swift */ = {isa = PBXFileReference; lastKnownFileType = sourcecode.swift; path = BookItem.swift; sourceTree = "<group>"; };
		A7544A8C26ED157100C9FA15 /* BookLoader.swift */ = {isa = PBXFileReference; lastKnownFileType = sourcecode.swift; path = BookLoader.swift; sourceTree = "<group>"; };
		A7544A8E26ED16E600C9FA15 /* RemoteBookLoaderTests.swift */ = {isa = PBXFileReference; lastKnownFileType = sourcecode.swift; path = RemoteBookLoaderTests.swift; sourceTree = "<group>"; };
		A7544A9126ED1F0E00C9FA15 /* RemoteBookLoader.swift */ = {isa = PBXFileReference; lastKnownFileType = sourcecode.swift; path = RemoteBookLoader.swift; sourceTree = "<group>"; };
		A7544A9326ED1F6200C9FA15 /* HTTPClient.swift */ = {isa = PBXFileReference; lastKnownFileType = sourcecode.swift; path = HTTPClient.swift; sourceTree = "<group>"; };
		A7544A9726EE52BC00C9FA15 /* LoadBooksUseCase.swift */ = {isa = PBXFileReference; lastKnownFileType = sourcecode.swift; path = LoadBooksUseCase.swift; sourceTree = "<group>"; };
		A7544A9A26EE54E400C9FA15 /* DefaultLoadBooksUseCase.swift */ = {isa = PBXFileReference; lastKnownFileType = sourcecode.swift; path = DefaultLoadBooksUseCase.swift; sourceTree = "<group>"; };
		A7544A9D26EE57EB00C9FA15 /* SearchViewModel.swift */ = {isa = PBXFileReference; lastKnownFileType = sourcecode.swift; path = SearchViewModel.swift; sourceTree = "<group>"; };
		A7544AA226EE631300C9FA15 /* BookViewCell.swift */ = {isa = PBXFileReference; lastKnownFileType = sourcecode.swift; path = BookViewCell.swift; sourceTree = "<group>"; };
/* End PBXFileReference section */

/* Begin PBXFrameworksBuildPhase section */
		A7544A5326ED0FF300C9FA15 /* Frameworks */ = {
			isa = PBXFrameworksBuildPhase;
			buildActionMask = 2147483647;
			files = (
			);
			runOnlyForDeploymentPostprocessing = 0;
		};
		A7544A6926ED0FF500C9FA15 /* Frameworks */ = {
			isa = PBXFrameworksBuildPhase;
			buildActionMask = 2147483647;
			files = (
			);
			runOnlyForDeploymentPostprocessing = 0;
		};
/* End PBXFrameworksBuildPhase section */

/* Begin PBXGroup section */
		A7544A4D26ED0FF300C9FA15 = {
			isa = PBXGroup;
			children = (
				A7544A5826ED0FF300C9FA15 /* Book Searcher */,
				A7544A6F26ED0FF500C9FA15 /* Book SearcherTests */,
				A7544A5726ED0FF300C9FA15 /* Products */,
			);
			sourceTree = "<group>";
		};
		A7544A5726ED0FF300C9FA15 /* Products */ = {
			isa = PBXGroup;
			children = (
				A7544A5626ED0FF300C9FA15 /* Book Searcher.app */,
				A7544A6C26ED0FF500C9FA15 /* Book SearcherTests.xctest */,
			);
			name = Products;
			sourceTree = "<group>";
		};
		A7544A5826ED0FF300C9FA15 /* Book Searcher */ = {
			isa = PBXGroup;
			children = (
				A7544A5926ED0FF300C9FA15 /* AppDelegate.swift */,
				A7544A9C26EE56B900C9FA15 /* Presentation */,
				A7544A9926EE54C800C9FA15 /* Data */,
				A7544A8B26ED155E00C9FA15 /* Domain */,
				A7544A9026ED1ECA00C9FA15 /* Infrastructure */,
				A7544A6226ED0FF500C9FA15 /* Assets.xcassets */,
				A7544A6426ED0FF500C9FA15 /* LaunchScreen.storyboard */,
				A7544A6726ED0FF500C9FA15 /* Info.plist */,
			);
			path = "Book Searcher";
			sourceTree = "<group>";
		};
		A7544A6F26ED0FF500C9FA15 /* Book SearcherTests */ = {
			isa = PBXGroup;
			children = (
				A7544A8E26ED16E600C9FA15 /* RemoteBookLoaderTests.swift */,
				A7544A7226ED0FF500C9FA15 /* Info.plist */,
			);
			path = "Book SearcherTests";
			sourceTree = "<group>";
		};
		A7544A8B26ED155E00C9FA15 /* Domain */ = {
			isa = PBXGroup;
			children = (
				A7544A8926ED126300C9FA15 /* BookItem.swift */,
				A7544A8C26ED157100C9FA15 /* BookLoader.swift */,
				A7544A9726EE52BC00C9FA15 /* LoadBooksUseCase.swift */,
			);
			path = Domain;
			sourceTree = "<group>";
		};
		A7544A9026ED1ECA00C9FA15 /* Infrastructure */ = {
			isa = PBXGroup;
			children = (
				A7544A9126ED1F0E00C9FA15 /* RemoteBookLoader.swift */,
				A7544A9326ED1F6200C9FA15 /* HTTPClient.swift */,
			);
			path = Infrastructure;
			sourceTree = "<group>";
		};
		A7544A9926EE54C800C9FA15 /* Data */ = {
			isa = PBXGroup;
			children = (
				A7544A9A26EE54E400C9FA15 /* DefaultLoadBooksUseCase.swift */,
			);
			path = Data;
			sourceTree = "<group>";
		};
		A7544A9C26EE56B900C9FA15 /* Presentation */ = {
			isa = PBXGroup;
			children = (
				A7544A9F26EE580D00C9FA15 /* SearchScreen */,
			);
			path = Presentation;
			sourceTree = "<group>";
		};
		A7544A9F26EE580D00C9FA15 /* SearchScreen */ = {
			isa = PBXGroup;
			children = (
				A7544AA026EE62F000C9FA15 /* View */,
				A7544AA126EE62F700C9FA15 /* ViewModel */,
			);
			path = SearchScreen;
			sourceTree = "<group>";
		};
		A7544AA026EE62F000C9FA15 /* View */ = {
			isa = PBXGroup;
			children = (
				A7544A5D26ED0FF300C9FA15 /* SearchViewController.swift */,
				A7544AA226EE631300C9FA15 /* BookViewCell.swift */,
			);
			path = View;
			sourceTree = "<group>";
		};
		A7544AA126EE62F700C9FA15 /* ViewModel */ = {
			isa = PBXGroup;
			children = (
				A7544A9D26EE57EB00C9FA15 /* SearchViewModel.swift */,
			);
			path = ViewModel;
			sourceTree = "<group>";
		};
/* End PBXGroup section */

/* Begin PBXNativeTarget section */
		A7544A5526ED0FF300C9FA15 /* Book Searcher */ = {
			isa = PBXNativeTarget;
			buildConfigurationList = A7544A8026ED0FF500C9FA15 /* Build configuration list for PBXNativeTarget "Book Searcher" */;
			buildPhases = (
				A7544A5226ED0FF300C9FA15 /* Sources */,
				A7544A5326ED0FF300C9FA15 /* Frameworks */,
				A7544A5426ED0FF300C9FA15 /* Resources */,
			);
			buildRules = (
			);
			dependencies = (
			);
			name = "Book Searcher";
			productName = "Book Searcher";
			productReference = A7544A5626ED0FF300C9FA15 /* Book Searcher.app */;
			productType = "com.apple.product-type.application";
		};
		A7544A6B26ED0FF500C9FA15 /* Book SearcherTests */ = {
			isa = PBXNativeTarget;
			buildConfigurationList = A7544A8326ED0FF500C9FA15 /* Build configuration list for PBXNativeTarget "Book SearcherTests" */;
			buildPhases = (
				A7544A6826ED0FF500C9FA15 /* Sources */,
				A7544A6926ED0FF500C9FA15 /* Frameworks */,
				A7544A6A26ED0FF500C9FA15 /* Resources */,
			);
			buildRules = (
			);
			dependencies = (
				A7544A6E26ED0FF500C9FA15 /* PBXTargetDependency */,
			);
			name = "Book SearcherTests";
			productName = "Book SearcherTests";
			productReference = A7544A6C26ED0FF500C9FA15 /* Book SearcherTests.xctest */;
			productType = "com.apple.product-type.bundle.unit-test";
		};
/* End PBXNativeTarget section */

/* Begin PBXProject section */
		A7544A4E26ED0FF300C9FA15 /* Project object */ = {
			isa = PBXProject;
			attributes = {
				LastSwiftUpdateCheck = 1250;
				LastUpgradeCheck = 1250;
				TargetAttributes = {
					A7544A5526ED0FF300C9FA15 = {
						CreatedOnToolsVersion = 12.5.1;
					};
					A7544A6B26ED0FF500C9FA15 = {
						CreatedOnToolsVersion = 12.5.1;
						LastSwiftMigration = 1250;
						TestTargetID = A7544A5526ED0FF300C9FA15;
					};
				};
			};
			buildConfigurationList = A7544A5126ED0FF300C9FA15 /* Build configuration list for PBXProject "Book Searcher" */;
			compatibilityVersion = "Xcode 9.3";
			developmentRegion = en;
			hasScannedForEncodings = 0;
			knownRegions = (
				en,
				Base,
			);
			mainGroup = A7544A4D26ED0FF300C9FA15;
			productRefGroup = A7544A5726ED0FF300C9FA15 /* Products */;
			projectDirPath = "";
			projectRoot = "";
			targets = (
				A7544A5526ED0FF300C9FA15 /* Book Searcher */,
				A7544A6B26ED0FF500C9FA15 /* Book SearcherTests */,
			);
		};
/* End PBXProject section */

/* Begin PBXResourcesBuildPhase section */
		A7544A5426ED0FF300C9FA15 /* Resources */ = {
			isa = PBXResourcesBuildPhase;
			buildActionMask = 2147483647;
			files = (
				A7544A6626ED0FF500C9FA15 /* LaunchScreen.storyboard in Resources */,
				A7544A6326ED0FF500C9FA15 /* Assets.xcassets in Resources */,
			);
			runOnlyForDeploymentPostprocessing = 0;
		};
		A7544A6A26ED0FF500C9FA15 /* Resources */ = {
			isa = PBXResourcesBuildPhase;
			buildActionMask = 2147483647;
			files = (
			);
			runOnlyForDeploymentPostprocessing = 0;
		};
/* End PBXResourcesBuildPhase section */

/* Begin PBXSourcesBuildPhase section */
		A7544A5226ED0FF300C9FA15 /* Sources */ = {
			isa = PBXSourcesBuildPhase;
			buildActionMask = 2147483647;
			files = (
				A7544A5E26ED0FF300C9FA15 /* SearchViewController.swift in Sources */,
				A7544A8D26ED157100C9FA15 /* BookLoader.swift in Sources */,
				A7544A9E26EE57EB00C9FA15 /* SearchViewModel.swift in Sources */,
				A7544AA326EE631300C9FA15 /* BookViewCell.swift in Sources */,
				A7544A9826EE52BC00C9FA15 /* LoadBooksUseCase.swift in Sources */,
				A7544A9426ED1F6200C9FA15 /* HTTPClient.swift in Sources */,
				A7544A9226ED1F0E00C9FA15 /* RemoteBookLoader.swift in Sources */,
				A7544A8A26ED126300C9FA15 /* BookItem.swift in Sources */,
				A7544A5A26ED0FF300C9FA15 /* AppDelegate.swift in Sources */,
			);
			runOnlyForDeploymentPostprocessing = 0;
		};
		A7544A6826ED0FF500C9FA15 /* Sources */ = {
			isa = PBXSourcesBuildPhase;
			buildActionMask = 2147483647;
			files = (
				A7544A8F26ED16E600C9FA15 /* RemoteBookLoaderTests.swift in Sources */,
			);
			runOnlyForDeploymentPostprocessing = 0;
		};
/* End PBXSourcesBuildPhase section */

/* Begin PBXTargetDependency section */
		A7544A6E26ED0FF500C9FA15 /* PBXTargetDependency */ = {
			isa = PBXTargetDependency;
			target = A7544A5526ED0FF300C9FA15 /* Book Searcher */;
			targetProxy = A7544A6D26ED0FF500C9FA15 /* PBXContainerItemProxy */;
		};
/* End PBXTargetDependency section */

/* Begin PBXVariantGroup section */
		A7544A6426ED0FF500C9FA15 /* LaunchScreen.storyboard */ = {
			isa = PBXVariantGroup;
			children = (
				A7544A6526ED0FF500C9FA15 /* Base */,
			);
			name = LaunchScreen.storyboard;
			sourceTree = "<group>";
		};
/* End PBXVariantGroup section */

/* Begin XCBuildConfiguration section */
		A7544A7E26ED0FF500C9FA15 /* Debug */ = {
			isa = XCBuildConfiguration;
			buildSettings = {
				ALWAYS_SEARCH_USER_PATHS = NO;
				CLANG_ANALYZER_NONNULL = YES;
				CLANG_ANALYZER_NUMBER_OBJECT_CONVERSION = YES_AGGRESSIVE;
				CLANG_CXX_LANGUAGE_STANDARD = "gnu++14";
				CLANG_CXX_LIBRARY = "libc++";
				CLANG_ENABLE_MODULES = YES;
				CLANG_ENABLE_OBJC_ARC = YES;
				CLANG_ENABLE_OBJC_WEAK = YES;
				CLANG_WARN_BLOCK_CAPTURE_AUTORELEASING = YES;
				CLANG_WARN_BOOL_CONVERSION = YES;
				CLANG_WARN_COMMA = YES;
				CLANG_WARN_CONSTANT_CONVERSION = YES;
				CLANG_WARN_DEPRECATED_OBJC_IMPLEMENTATIONS = YES;
				CLANG_WARN_DIRECT_OBJC_ISA_USAGE = YES_ERROR;
				CLANG_WARN_DOCUMENTATION_COMMENTS = YES;
				CLANG_WARN_EMPTY_BODY = YES;
				CLANG_WARN_ENUM_CONVERSION = YES;
				CLANG_WARN_INFINITE_RECURSION = YES;
				CLANG_WARN_INT_CONVERSION = YES;
				CLANG_WARN_NON_LITERAL_NULL_CONVERSION = YES;
				CLANG_WARN_OBJC_IMPLICIT_RETAIN_SELF = YES;
				CLANG_WARN_OBJC_LITERAL_CONVERSION = YES;
				CLANG_WARN_OBJC_ROOT_CLASS = YES_ERROR;
				CLANG_WARN_QUOTED_INCLUDE_IN_FRAMEWORK_HEADER = YES;
				CLANG_WARN_RANGE_LOOP_ANALYSIS = YES;
				CLANG_WARN_STRICT_PROTOTYPES = YES;
				CLANG_WARN_SUSPICIOUS_MOVE = YES;
				CLANG_WARN_UNGUARDED_AVAILABILITY = YES_AGGRESSIVE;
				CLANG_WARN_UNREACHABLE_CODE = YES;
				CLANG_WARN__DUPLICATE_METHOD_MATCH = YES;
				COPY_PHASE_STRIP = NO;
				DEBUG_INFORMATION_FORMAT = dwarf;
				ENABLE_STRICT_OBJC_MSGSEND = YES;
				ENABLE_TESTABILITY = YES;
				GCC_C_LANGUAGE_STANDARD = gnu11;
				GCC_DYNAMIC_NO_PIC = NO;
				GCC_NO_COMMON_BLOCKS = YES;
				GCC_OPTIMIZATION_LEVEL = 0;
				GCC_PREPROCESSOR_DEFINITIONS = (
					"DEBUG=1",
					"$(inherited)",
				);
				GCC_WARN_64_TO_32_BIT_CONVERSION = YES;
				GCC_WARN_ABOUT_RETURN_TYPE = YES_ERROR;
				GCC_WARN_UNDECLARED_SELECTOR = YES;
				GCC_WARN_UNINITIALIZED_AUTOS = YES_AGGRESSIVE;
				GCC_WARN_UNUSED_FUNCTION = YES;
				GCC_WARN_UNUSED_VARIABLE = YES;
				IPHONEOS_DEPLOYMENT_TARGET = 12.1;
				MTL_ENABLE_DEBUG_INFO = INCLUDE_SOURCE;
				MTL_FAST_MATH = YES;
				ONLY_ACTIVE_ARCH = YES;
				SDKROOT = iphoneos;
				SWIFT_ACTIVE_COMPILATION_CONDITIONS = DEBUG;
				SWIFT_OPTIMIZATION_LEVEL = "-Onone";
			};
			name = Debug;
		};
		A7544A7F26ED0FF500C9FA15 /* Release */ = {
			isa = XCBuildConfiguration;
			buildSettings = {
				ALWAYS_SEARCH_USER_PATHS = NO;
				CLANG_ANALYZER_NONNULL = YES;
				CLANG_ANALYZER_NUMBER_OBJECT_CONVERSION = YES_AGGRESSIVE;
				CLANG_CXX_LANGUAGE_STANDARD = "gnu++14";
				CLANG_CXX_LIBRARY = "libc++";
				CLANG_ENABLE_MODULES = YES;
				CLANG_ENABLE_OBJC_ARC = YES;
				CLANG_ENABLE_OBJC_WEAK = YES;
				CLANG_WARN_BLOCK_CAPTURE_AUTORELEASING = YES;
				CLANG_WARN_BOOL_CONVERSION = YES;
				CLANG_WARN_COMMA = YES;
				CLANG_WARN_CONSTANT_CONVERSION = YES;
				CLANG_WARN_DEPRECATED_OBJC_IMPLEMENTATIONS = YES;
				CLANG_WARN_DIRECT_OBJC_ISA_USAGE = YES_ERROR;
				CLANG_WARN_DOCUMENTATION_COMMENTS = YES;
				CLANG_WARN_EMPTY_BODY = YES;
				CLANG_WARN_ENUM_CONVERSION = YES;
				CLANG_WARN_INFINITE_RECURSION = YES;
				CLANG_WARN_INT_CONVERSION = YES;
				CLANG_WARN_NON_LITERAL_NULL_CONVERSION = YES;
				CLANG_WARN_OBJC_IMPLICIT_RETAIN_SELF = YES;
				CLANG_WARN_OBJC_LITERAL_CONVERSION = YES;
				CLANG_WARN_OBJC_ROOT_CLASS = YES_ERROR;
				CLANG_WARN_QUOTED_INCLUDE_IN_FRAMEWORK_HEADER = YES;
				CLANG_WARN_RANGE_LOOP_ANALYSIS = YES;
				CLANG_WARN_STRICT_PROTOTYPES = YES;
				CLANG_WARN_SUSPICIOUS_MOVE = YES;
				CLANG_WARN_UNGUARDED_AVAILABILITY = YES_AGGRESSIVE;
				CLANG_WARN_UNREACHABLE_CODE = YES;
				CLANG_WARN__DUPLICATE_METHOD_MATCH = YES;
				COPY_PHASE_STRIP = NO;
				DEBUG_INFORMATION_FORMAT = "dwarf-with-dsym";
				ENABLE_NS_ASSERTIONS = NO;
				ENABLE_STRICT_OBJC_MSGSEND = YES;
				GCC_C_LANGUAGE_STANDARD = gnu11;
				GCC_NO_COMMON_BLOCKS = YES;
				GCC_WARN_64_TO_32_BIT_CONVERSION = YES;
				GCC_WARN_ABOUT_RETURN_TYPE = YES_ERROR;
				GCC_WARN_UNDECLARED_SELECTOR = YES;
				GCC_WARN_UNINITIALIZED_AUTOS = YES_AGGRESSIVE;
				GCC_WARN_UNUSED_FUNCTION = YES;
				GCC_WARN_UNUSED_VARIABLE = YES;
				IPHONEOS_DEPLOYMENT_TARGET = 12.1;
				MTL_ENABLE_DEBUG_INFO = NO;
				MTL_FAST_MATH = YES;
				SDKROOT = iphoneos;
				SWIFT_COMPILATION_MODE = wholemodule;
				SWIFT_OPTIMIZATION_LEVEL = "-O";
				VALIDATE_PRODUCT = YES;
			};
			name = Release;
		};
		A7544A8126ED0FF500C9FA15 /* Debug */ = {
			isa = XCBuildConfiguration;
			buildSettings = {
				ASSETCATALOG_COMPILER_APPICON_NAME = AppIcon;
				ASSETCATALOG_COMPILER_GLOBAL_ACCENT_COLOR_NAME = AccentColor;
				CODE_SIGN_STYLE = Automatic;
				DEVELOPMENT_TEAM = Z3Y53ML23M;
				INFOPLIST_FILE = "Book Searcher/Info.plist";
				LD_RUNPATH_SEARCH_PATHS = (
					"$(inherited)",
					"@executable_path/Frameworks",
				);
				PRODUCT_BUNDLE_IDENTIFIER = "com.ibrokhim.Book-Searcher";
				PRODUCT_NAME = "$(TARGET_NAME)";
				SWIFT_VERSION = 5.0;
				TARGETED_DEVICE_FAMILY = "1,2";
			};
			name = Debug;
		};
		A7544A8226ED0FF500C9FA15 /* Release */ = {
			isa = XCBuildConfiguration;
			buildSettings = {
				ASSETCATALOG_COMPILER_APPICON_NAME = AppIcon;
				ASSETCATALOG_COMPILER_GLOBAL_ACCENT_COLOR_NAME = AccentColor;
				CODE_SIGN_STYLE = Automatic;
				DEVELOPMENT_TEAM = Z3Y53ML23M;
				INFOPLIST_FILE = "Book Searcher/Info.plist";
				LD_RUNPATH_SEARCH_PATHS = (
					"$(inherited)",
					"@executable_path/Frameworks",
				);
				PRODUCT_BUNDLE_IDENTIFIER = "com.ibrokhim.Book-Searcher";
				PRODUCT_NAME = "$(TARGET_NAME)";
				SWIFT_VERSION = 5.0;
				TARGETED_DEVICE_FAMILY = "1,2";
			};
			name = Release;
		};
		A7544A8426ED0FF500C9FA15 /* Debug */ = {
			isa = XCBuildConfiguration;
			buildSettings = {
				ALWAYS_EMBED_SWIFT_STANDARD_LIBRARIES = YES;
				BUNDLE_LOADER = "$(TEST_HOST)";
				CLANG_ENABLE_MODULES = YES;
				CODE_SIGN_STYLE = Automatic;
				DEVELOPMENT_TEAM = Z3Y53ML23M;
				INFOPLIST_FILE = "Book SearcherTests/Info.plist";
				IPHONEOS_DEPLOYMENT_TARGET = 14.5;
				LD_RUNPATH_SEARCH_PATHS = (
					"$(inherited)",
					"@executable_path/Frameworks",
					"@loader_path/Frameworks",
				);
				PRODUCT_BUNDLE_IDENTIFIER = "com.ibrokhim.Book-SearcherTests";
				PRODUCT_NAME = "$(TARGET_NAME)";
				SWIFT_OPTIMIZATION_LEVEL = "-Onone";
				SWIFT_VERSION = 5.0;
				TARGETED_DEVICE_FAMILY = "1,2";
				TEST_HOST = "$(BUILT_PRODUCTS_DIR)/Book Searcher.app/Book Searcher";
			};
			name = Debug;
		};
		A7544A8526ED0FF500C9FA15 /* Release */ = {
			isa = XCBuildConfiguration;
			buildSettings = {
				ALWAYS_EMBED_SWIFT_STANDARD_LIBRARIES = YES;
				BUNDLE_LOADER = "$(TEST_HOST)";
				CLANG_ENABLE_MODULES = YES;
				CODE_SIGN_STYLE = Automatic;
				DEVELOPMENT_TEAM = Z3Y53ML23M;
				INFOPLIST_FILE = "Book SearcherTests/Info.plist";
				IPHONEOS_DEPLOYMENT_TARGET = 14.5;
				LD_RUNPATH_SEARCH_PATHS = (
					"$(inherited)",
					"@executable_path/Frameworks",
					"@loader_path/Frameworks",
				);
				PRODUCT_BUNDLE_IDENTIFIER = "com.ibrokhim.Book-SearcherTests";
				PRODUCT_NAME = "$(TARGET_NAME)";
				SWIFT_VERSION = 5.0;
				TARGETED_DEVICE_FAMILY = "1,2";
				TEST_HOST = "$(BUILT_PRODUCTS_DIR)/Book Searcher.app/Book Searcher";
			};
			name = Release;
		};
/* End XCBuildConfiguration section */

/* Begin XCConfigurationList section */
		A7544A5126ED0FF300C9FA15 /* Build configuration list for PBXProject "Book Searcher" */ = {
			isa = XCConfigurationList;
			buildConfigurations = (
				A7544A7E26ED0FF500C9FA15 /* Debug */,
				A7544A7F26ED0FF500C9FA15 /* Release */,
			);
			defaultConfigurationIsVisible = 0;
			defaultConfigurationName = Release;
		};
		A7544A8026ED0FF500C9FA15 /* Build configuration list for PBXNativeTarget "Book Searcher" */ = {
			isa = XCConfigurationList;
			buildConfigurations = (
				A7544A8126ED0FF500C9FA15 /* Debug */,
				A7544A8226ED0FF500C9FA15 /* Release */,
			);
			defaultConfigurationIsVisible = 0;
			defaultConfigurationName = Release;
		};
		A7544A8326ED0FF500C9FA15 /* Build configuration list for PBXNativeTarget "Book SearcherTests" */ = {
			isa = XCConfigurationList;
			buildConfigurations = (
				A7544A8426ED0FF500C9FA15 /* Debug */,
				A7544A8526ED0FF500C9FA15 /* Release */,
			);
			defaultConfigurationIsVisible = 0;
			defaultConfigurationName = Release;
		};
/* End XCConfigurationList section */
	};
	rootObject = A7544A4E26ED0FF300C9FA15 /* Project object */;
}
